# This file is automatically @generated by Cargo.
# It is not intended for manual editing.
version = 4

[[package]]
name = "bricks"
version = "0.1.0"
dependencies = [
 "hellforge",
]

[[package]]
name = "hellforge"
version = "0.1.0"
dependencies = [
 "hellforge-rt",
]

[[package]]
name = "hellforge-rt"
version = "0.1.0"

[[package]]
name = "jumper"
version = "0.1.0"
dependencies = [
 "hellforge",
]

[[package]]
name = "starsweep"
version = "0.1.0"
dependencies = [
 "hellforge",
]

[[package]]
name = "template"
version = "0.1.0"
dependencies = [
 "hellforge",
]
